
Microsoft Visual Studio Solution File, Format Version 12.00
# Visual Studio Version 17
VisualStudioVersion = 17.0.31903.59
MinimumVisualStudioVersion = 10.0.40219.1
Project("{2150E333-8FDC-42A3-9474-1A3956D46DE8}") = "apps", "apps", "{FCC606EF-1085-429B-A0B7-21FFBCC9289C}"
EndProject
Project("{9A19103F-16F7-4668-BE54-9A1E7A4F7556}") = "LineCom.Api", "apps\api\LineCom.Api.csproj", "{A911FC30-3E7E-4DC9-97F3-4116A1C40BAA}"
EndProject
Project("{2150E333-8FDC-42A3-9474-1A3956D46DE8}") = "tests", "tests", "{57B804AF-CB22-4CF1-8283-0AEEA3B85CF4}"
EndProject
Project("{9A19103F-16F7-4668-BE54-9A1E7A4F7556}") = "LineCom.Api.Tests", "tests\LineCom.Api.Tests\LineCom.Api.Tests.csproj", "{47746700-A1D2-4527-9462-968AF2B6ADF9}"
EndProject
Project("{9A19103F-16F7-4668-BE54-9A1E7A4F7556}") = "LineCom.DbMigrator", "apps\dbmigrator\LineCom.DbMigrator.csproj", "{4FED118E-7879-4CEF-8649-30B72A3550B3}"
EndProject
Project("{9A19103F-16F7-4668-BE54-9A1E7A4F7556}") = "LineCom.DbMigrator.Core", "apps\dbmigrator.core\LineCom.DbMigrator.Core.csproj", "{FF4512BC-4080-4B7C-8649-6C66B03352D4}"
EndProject
Project("{FAE04EC0-301F-11D3-BF4B-00C04F79EFBC}") = "LineCom.CatalogImport.Core", "apps\catalog-import.core\LineCom.CatalogImport.Core.csproj", "{9B9FF06B-94DA-4B3A-8B2A-6B5149C69281}"
EndProject
Project("{FAE04EC0-301F-11D3-BF4B-00C04F79EFBC}") = "LineCom.CatalogImport.WinForms", "apps\catalog-import.winforms\LineCom.CatalogImport.WinForms.csproj", "{CD1DAC91-197F-459C-93A1-E25DE9919EFC}"
EndProject
Global
	GlobalSection(SolutionConfigurationPlatforms) = preSolution
		Debug|Any CPU = Debug|Any CPU
		Release|Any CPU = Release|Any CPU
	EndGlobalSection
	GlobalSection(ProjectConfigurationPlatforms) = postSolution
		{A911FC30-3E7E-4DC9-97F3-4116A1C40BAA}.Debug|Any CPU.ActiveCfg = Debug|Any CPU
		{A911FC30-3E7E-4DC9-97F3-4116A1C40BAA}.Debug|Any CPU.Build.0 = Debug|Any CPU
		{A911FC30-3E7E-4DC9-97F3-4116A1C40BAA}.Release|Any CPU.ActiveCfg = Release|Any CPU
		{A911FC30-3E7E-4DC9-97F3-4116A1C40BAA}.Release|Any CPU.Build.0 = Release|Any CPU
		{47746700-A1D2-4527-9462-968AF2B6ADF9}.Debug|Any CPU.ActiveCfg = Debug|Any CPU
		{47746700-A1D2-4527-9462-968AF2B6ADF9}.Debug|Any CPU.Build.0 = Debug|Any CPU
		{47746700-A1D2-4527-9462-968AF2B6ADF9}.Release|Any CPU.ActiveCfg = Release|Any CPU
		{47746700-A1D2-4527-9462-968AF2B6ADF9}.Release|Any CPU.Build.0 = Release|Any CPU
		{4FED118E-7879-4CEF-8649-30B72A3550B3}.Debug|Any CPU.ActiveCfg = Debug|Any CPU
		{4FED118E-7879-4CEF-8649-30B72A3550B3}.Debug|Any CPU.Build.0 = Debug|Any CPU
		{4FED118E-7879-4CEF-8649-30B72A3550B3}.Release|Any CPU.ActiveCfg = Release|Any CPU
		{4FED118E-7879-4CEF-8649-30B72A3550B3}.Release|Any CPU.Build.0 = Release|Any CPU
		{FF4512BC-4080-4B7C-8649-6C66B03352D4}.Debug|Any CPU.ActiveCfg = Debug|Any CPU
		{FF4512BC-4080-4B7C-8649-6C66B03352D4}.Debug|Any CPU.Build.0 = Debug|Any CPU
		{FF4512BC-4080-4B7C-8649-6C66B03352D4}.Release|Any CPU.ActiveCfg = Release|Any CPU
		{FF4512BC-4080-4B7C-8649-6C66B03352D4}.Release|Any CPU.Build.0 = Release|Any CPU
		{9B9FF06B-94DA-4B3A-8B2A-6B5149C69281}.Debug|Any CPU.ActiveCfg = Debug|Any CPU
		{9B9FF06B-94DA-4B3A-8B2A-6B5149C69281}.Debug|Any CPU.Build.0 = Debug|Any CPU
		{9B9FF06B-94DA-4B3A-8B2A-6B5149C69281}.Release|Any CPU.ActiveCfg = Release|Any CPU
		{9B9FF06B-94DA-4B3A-8B2A-6B5149C69281}.Release|Any CPU.Build.0 = Release|Any CPU
		{CD1DAC91-197F-459C-93A1-E25DE9919EFC}.Debug|Any CPU.ActiveCfg = Debug|Any CPU
		{CD1DAC91-197F-459C-93A1-E25DE9919EFC}.Debug|Any CPU.Build.0 = Debug|Any CPU
		{CD1DAC91-197F-459C-93A1-E25DE9919EFC}.Release|Any CPU.ActiveCfg = Release|Any CPU
		{CD1DAC91-197F-459C-93A1-E25DE9919EFC}.Release|Any CPU.Build.0 = Release|Any CPU
	EndGlobalSection
	GlobalSection(SolutionProperties) = preSolution
		HideSolutionNode = FALSE
	EndGlobalSection
	GlobalSection(NestedProjects) = preSolution
		{A911FC30-3E7E-4DC9-97F3-4116A1C40BAA} = {FCC606EF-1085-429B-A0B7-21FFBCC9289C}
		{47746700-A1D2-4527-9462-968AF2B6ADF9} = {57B804AF-CB22-4CF1-8283-0AEEA3B85CF4}
		{4FED118E-7879-4CEF-8649-30B72A3550B3} = {FCC606EF-1085-429B-A0B7-21FFBCC9289C}
		{FF4512BC-4080-4B7C-8649-6C66B03352D4} = {FCC606EF-1085-429B-A0B7-21FFBCC9289C}
		{9B9FF06B-94DA-4B3A-8B2A-6B5149C69281} = {FCC606EF-1085-429B-A0B7-21FFBCC9289C}
		{CD1DAC91-197F-459C-93A1-E25DE9919EFC} = {FCC606EF-1085-429B-A0B7-21FFBCC9289C}
	EndGlobalSection
EndGlobal
